
Microsoft Visual Studio Solution File, Format Version 12.00
# Visual Studio Version 16
VisualStudioVersion = 16.0.29613.14
MinimumVisualStudioVersion = 10.0.40219.1
Project("{9A19103F-16F7-4668-BE54-9A1E7A4F7556}") = "ClashOfClans", "ClashOfClans\ClashOfClans.csproj", "{C41ACFD0-269B-4F65-80C8-92437CEAE708}"
EndProject
Project("{9A19103F-16F7-4668-BE54-9A1E7A4F7556}") = "ClashOfClans.Tests.Integration", "ClashOfClans.Tests.Integration\ClashOfClans.Tests.Integration.csproj", "{D8172664-9104-4D6B-AEB4-7CDA9F1AC8BE}"
EndProject
Project("{9A19103F-16F7-4668-BE54-9A1E7A4F7556}") = "ClashOfClans.App", "ClashOfClans.App\ClashOfClans.App.csproj", "{B86AFE64-B9A8-4C35-A75E-0FBE11185E67}"
EndProject
Project("{9A19103F-16F7-4668-BE54-9A1E7A4F7556}") = "ClashOfClans.Tests.Unit", "ClashOfClans.Tests.Unit\ClashOfClans.Tests.Unit.csproj", "{CAB7A2EB-4E77-4D11-844B-F4094BCE27AA}"
EndProject
Project("{9A19103F-16F7-4668-BE54-9A1E7A4F7556}") = "ClashOfClans.Models", "ClashOfClans.Models\ClashOfClans.Models.csproj", "{3EC12BB3-6211-44EC-A975-9A2B002A84D5}"
EndProject
Project("{9A19103F-16F7-4668-BE54-9A1E7A4F7556}") = "ClashOfClans.Blazor", "ClashOfClans.Blazor\ClashOfClans.Blazor.csproj", "{1D5B2118-FA4A-46CE-A029-0042FFE99C1C}"
EndProject
Global
	GlobalSection(SolutionConfigurationPlatforms) = preSolution
		Debug|Any CPU = Debug|Any CPU
		Release|Any CPU = Release|Any CPU
	EndGlobalSection
	GlobalSection(ProjectConfigurationPlatforms) = postSolution
		{C41ACFD0-269B-4F65-80C8-92437CEAE708}.Debug|Any CPU.ActiveCfg = Debug|Any CPU
		{C41ACFD0-269B-4F65-80C8-92437CEAE708}.Debug|Any CPU.Build.0 = Debug|Any CPU
		{C41ACFD0-269B-4F65-80C8-92437CEAE708}.Release|Any CPU.ActiveCfg = Release|Any CPU
		{C41ACFD0-269B-4F65-80C8-92437CEAE708}.Release|Any CPU.Build.0 = Release|Any CPU
		{D8172664-9104-4D6B-AEB4-7CDA9F1AC8BE}.Debug|Any CPU.ActiveCfg = Debug|Any CPU
		{D8172664-9104-4D6B-AEB4-7CDA9F1AC8BE}.Debug|Any CPU.Build.0 = Debug|Any CPU
		{D8172664-9104-4D6B-AEB4-7CDA9F1AC8BE}.Release|Any CPU.ActiveCfg = Release|Any CPU
		{D8172664-9104-4D6B-AEB4-7CDA9F1AC8BE}.Release|Any CPU.Build.0 = Release|Any CPU
		{B86AFE64-B9A8-4C35-A75E-0FBE11185E67}.Debug|Any CPU.ActiveCfg = Debug|Any CPU
		{B86AFE64-B9A8-4C35-A75E-0FBE11185E67}.Debug|Any CPU.Build.0 = Debug|Any CPU
		{B86AFE64-B9A8-4C35-A75E-0FBE11185E67}.Release|Any CPU.ActiveCfg = Release|Any CPU
		{B86AFE64-B9A8-4C35-A75E-0FBE11185E67}.Release|Any CPU.Build.0 = Release|Any CPU
		{CAB7A2EB-4E77-4D11-844B-F4094BCE27AA}.Debug|Any CPU.ActiveCfg = Debug|Any CPU
		{CAB7A2EB-4E77-4D11-844B-F4094BCE27AA}.Debug|Any CPU.Build.0 = Debug|Any CPU
		{CAB7A2EB-4E77-4D11-844B-F4094BCE27AA}.Release|Any CPU.ActiveCfg = Release|Any CPU
		{CAB7A2EB-4E77-4D11-844B-F4094BCE27AA}.Release|Any CPU.Build.0 = Release|Any CPU
		{3EC12BB3-6211-44EC-A975-9A2B002A84D5}.Debug|Any CPU.ActiveCfg = Debug|Any CPU
		{3EC12BB3-6211-44EC-A975-9A2B002A84D5}.Debug|Any CPU.Build.0 = Debug|Any CPU
		{3EC12BB3-6211-44EC-A975-9A2B002A84D5}.Release|Any CPU.ActiveCfg = Release|Any CPU
		{3EC12BB3-6211-44EC-A975-9A2B002A84D5}.Release|Any CPU.Build.0 = Release|Any CPU
		{1D5B2118-FA4A-46CE-A029-0042FFE99C1C}.Debug|Any CPU.ActiveCfg = Debug|Any CPU
		{1D5B2118-FA4A-46CE-A029-0042FFE99C1C}.Debug|Any CPU.Build.0 = Debug|Any CPU
		{1D5B2118-FA4A-46CE-A029-0042FFE99C1C}.Release|Any CPU.ActiveCfg = Release|Any CPU
		{1D5B2118-FA4A-46CE-A029-0042FFE99C1C}.Release|Any CPU.Build.0 = Release|Any CPU
	EndGlobalSection
	GlobalSection(SolutionProperties) = preSolution
		HideSolutionNode = FALSE
	EndGlobalSection
	GlobalSection(ExtensibilityGlobals) = postSolution
		SolutionGuid = {336492D1-C804-4595-9A63-0B60EABE2E7A}
	EndGlobalSection
EndGlobal
